{
  "name": "json2binary",
  "version": "1.0.0",
  "lockfileVersion": 3,
  "requires": true,
  "packages": {
    "": {
      "name": "json2binary",
      "version": "1.0.0",
      "license": "ISC",
      "dependencies": {
        "avro-js": "^1.11.3"
      }
    },
    "node_modules/avro-js": {
      "version": "1.11.3",
      "resolved": "https://registry.npmjs.org/avro-js/-/avro-js-1.11.3.tgz",
      "integrity": "sha512-B1b0wI5iwSkVwj3RQWRzW99/LGoYl6df9j1kWime8r8b0dXCdKU7t7mEOFkOpQFaT/I9JXaL7KAIxM+/3TUk1A==",
      "dependencies": {
        "underscore": "^1.13.2"
      }
    },
    "node_modules/underscore": {
      "version": "1.13.6",
      "resolved": "https://registry.npmjs.org/underscore/-/underscore-1.13.6.tgz",
      "integrity": "sha512-+A5Sja4HP1M08MaXya7p5LvjuM7K6q/2EaC0+iovj/wOcMsTzMvDFbasi/oSapiwOlt252IqsKqPjCl7huKS0A=="
    }
  }
}
